
Microsoft Visual Studio Solution File, Format Version 12.00
# Visual Studio Version 16
VisualStudioVersion = 16.0.30907.101
MinimumVisualStudioVersion = 10.0.40219.1
Project("{9A19103F-16F7-4668-BE54-9A1E7A4F7556}") = "AD.Server", "AD\Server\AD.Server.csproj", "{F5D31559-E10A-4DCC-B3DE-4E85195B8E1A}"
EndProject
Project("{9A19103F-16F7-4668-BE54-9A1E7A4F7556}") = "AD.Client", "AD\Client\AD.Client.csproj", "{514AA6A5-542A-4384-AD88-C1640DDC6267}"
EndProject
Project("{9A19103F-16F7-4668-BE54-9A1E7A4F7556}") = "AD.Shared", "AD\Shared\AD.Shared.csproj", "{15615685-1E52-466C-9F70-420280E494B8}"
EndProject
Global
	GlobalSection(SolutionConfigurationPlatforms) = preSolution
		Debug|Any CPU = Debug|Any CPU
		Release|Any CPU = Release|Any CPU
	EndGlobalSection
	GlobalSection(ProjectConfigurationPlatforms) = postSolution
		{F5D31559-E10A-4DCC-B3DE-4E85195B8E1A}.Debug|Any CPU.ActiveCfg = Debug|Any CPU
		{F5D31559-E10A-4DCC-B3DE-4E85195B8E1A}.Debug|Any CPU.Build.0 = Debug|Any CPU
		{F5D31559-E10A-4DCC-B3DE-4E85195B8E1A}.Release|Any CPU.ActiveCfg = Release|Any CPU
		{F5D31559-E10A-4DCC-B3DE-4E85195B8E1A}.Release|Any CPU.Build.0 = Release|Any CPU
		{514AA6A5-542A-4384-AD88-C1640DDC6267}.Debug|Any CPU.ActiveCfg = Debug|Any CPU
		{514AA6A5-542A-4384-AD88-C1640DDC6267}.Debug|Any CPU.Build.0 = Debug|Any CPU
		{514AA6A5-542A-4384-AD88-C1640DDC6267}.Release|Any CPU.ActiveCfg = Release|Any CPU
		{514AA6A5-542A-4384-AD88-C1640DDC6267}.Release|Any CPU.Build.0 = Release|Any CPU
		{15615685-1E52-466C-9F70-420280E494B8}.Debug|Any CPU.ActiveCfg = Debug|Any CPU
		{15615685-1E52-466C-9F70-420280E494B8}.Debug|Any CPU.Build.0 = Debug|Any CPU
		{15615685-1E52-466C-9F70-420280E494B8}.Release|Any CPU.ActiveCfg = Release|Any CPU
		{15615685-1E52-466C-9F70-420280E494B8}.Release|Any CPU.Build.0 = Release|Any CPU
	EndGlobalSection
	GlobalSection(SolutionProperties) = preSolution
		HideSolutionNode = FALSE
	EndGlobalSection
	GlobalSection(ExtensibilityGlobals) = postSolution
		SolutionGuid = {2E6CCBDE-2C34-4541-9694-5EBE977DC60F}
	EndGlobalSection
EndGlobal
